
Microsoft Visual Studio Solution File, Format Version 12.00
# Visual Studio 15
VisualStudioVersion = 15.0.26124.0
MinimumVisualStudioVersion = 15.0.26124.0
Project("{FAE04EC0-301F-11D3-BF4B-00C04F79EFBC}") = "Tests", "Tests\Tests.csproj", "{85399724-64C8-4218-91D8-2DD1D5CC7060}"
EndProject
Project("{FAE04EC0-301F-11D3-BF4B-00C04F79EFBC}") = "src", "src\src.csproj", "{10568FE1-581F-4A68-8FB9-C53DC0945E9C}"
EndProject
Global
	GlobalSection(SolutionConfigurationPlatforms) = preSolution
		Debug|Any CPU = Debug|Any CPU
		Debug|x64 = Debug|x64
		Debug|x86 = Debug|x86
		Release|Any CPU = Release|Any CPU
		Release|x64 = Release|x64
		Release|x86 = Release|x86
	EndGlobalSection
	GlobalSection(SolutionProperties) = preSolution
		HideSolutionNode = FALSE
	EndGlobalSection
	GlobalSection(ProjectConfigurationPlatforms) = postSolution
		{85399724-64C8-4218-91D8-2DD1D5CC7060}.Debug|Any CPU.ActiveCfg = Debug|Any CPU
		{85399724-64C8-4218-91D8-2DD1D5CC7060}.Debug|Any CPU.Build.0 = Debug|Any CPU
		{85399724-64C8-4218-91D8-2DD1D5CC7060}.Debug|x64.ActiveCfg = Debug|Any CPU
		{85399724-64C8-4218-91D8-2DD1D5CC7060}.Debug|x64.Build.0 = Debug|Any CPU
		{85399724-64C8-4218-91D8-2DD1D5CC7060}.Debug|x86.ActiveCfg = Debug|Any CPU
		{85399724-64C8-4218-91D8-2DD1D5CC7060}.Debug|x86.Build.0 = Debug|Any CPU
		{85399724-64C8-4218-91D8-2DD1D5CC7060}.Release|Any CPU.ActiveCfg = Release|Any CPU
		{85399724-64C8-4218-91D8-2DD1D5CC7060}.Release|Any CPU.Build.0 = Release|Any CPU
		{85399724-64C8-4218-91D8-2DD1D5CC7060}.Release|x64.ActiveCfg = Release|Any CPU
		{85399724-64C8-4218-91D8-2DD1D5CC7060}.Release|x64.Build.0 = Release|Any CPU
		{85399724-64C8-4218-91D8-2DD1D5CC7060}.Release|x86.ActiveCfg = Release|Any CPU
		{85399724-64C8-4218-91D8-2DD1D5CC7060}.Release|x86.Build.0 = Release|Any CPU
		{10568FE1-581F-4A68-8FB9-C53DC0945E9C}.Debug|Any CPU.ActiveCfg = Debug|Any CPU
		{10568FE1-581F-4A68-8FB9-C53DC0945E9C}.Debug|Any CPU.Build.0 = Debug|Any CPU
		{10568FE1-581F-4A68-8FB9-C53DC0945E9C}.Debug|x64.ActiveCfg = Debug|Any CPU
		{10568FE1-581F-4A68-8FB9-C53DC0945E9C}.Debug|x64.Build.0 = Debug|Any CPU
		{10568FE1-581F-4A68-8FB9-C53DC0945E9C}.Debug|x86.ActiveCfg = Debug|Any CPU
		{10568FE1-581F-4A68-8FB9-C53DC0945E9C}.Debug|x86.Build.0 = Debug|Any CPU
		{10568FE1-581F-4A68-8FB9-C53DC0945E9C}.Release|Any CPU.ActiveCfg = Release|Any CPU
		{10568FE1-581F-4A68-8FB9-C53DC0945E9C}.Release|Any CPU.Build.0 = Release|Any CPU
		{10568FE1-581F-4A68-8FB9-C53DC0945E9C}.Release|x64.ActiveCfg = Release|Any CPU
		{10568FE1-581F-4A68-8FB9-C53DC0945E9C}.Release|x64.Build.0 = Release|Any CPU
		{10568FE1-581F-4A68-8FB9-C53DC0945E9C}.Release|x86.ActiveCfg = Release|Any CPU
		{10568FE1-581F-4A68-8FB9-C53DC0945E9C}.Release|x86.Build.0 = Release|Any CPU
	EndGlobalSection
EndGlobal
